
Microsoft Visual Studio Solution File, Format Version 12.00
# Visual Studio Version 16
VisualStudioVersion = 16.0.33214.272
MinimumVisualStudioVersion = 10.0.40219.1
Project("{FAE04EC0-301F-11D3-BF4B-00C04F79EFBC}") = "TaskFormApp", "TaskFormApp\TaskFormApp.csproj", "{FC89C6F9-9541-40B0-A07B-A08BD10EE20C}"
EndProject
Project("{9A19103F-16F7-4668-BE54-9A1E7A4F7556}") = "TaskWebApp.API", "TaskWebApp.API\TaskWebApp.API.csproj", "{7CCD8740-DE9E-4F7E-B1C7-1DD6F91EFB25}"
EndProject
Project("{FAE04EC0-301F-11D3-BF4B-00C04F79EFBC}") = "TaskThreadApp", "TaskThreadApp\TaskThreadApp.csproj", "{A7D1AA31-E2C6-4DB6-85BF-DD55BCFB6AD8}"
EndProject
Project("{9A19103F-16F7-4668-BE54-9A1E7A4F7556}") = "ConsoleTaskApp", "ConsoleTaskApp\ConsoleTaskApp.csproj", "{D8A74E9E-F8B5-47CB-A13A-197FF1AB575C}"
EndProject
Project("{FAE04EC0-301F-11D3-BF4B-00C04F79EFBC}") = "TaskCancelationApp", "TaskCancelationApp\TaskCancelationApp.csproj", "{A78263B8-0B91-4567-987A-718DFB9A3D7D}"
EndProject
Global
	GlobalSection(SolutionConfigurationPlatforms) = preSolution
		Debug|Any CPU = Debug|Any CPU
		Release|Any CPU = Release|Any CPU
	EndGlobalSection
	GlobalSection(ProjectConfigurationPlatforms) = postSolution
		{FC89C6F9-9541-40B0-A07B-A08BD10EE20C}.Debug|Any CPU.ActiveCfg = Debug|Any CPU
		{FC89C6F9-9541-40B0-A07B-A08BD10EE20C}.Debug|Any CPU.Build.0 = Debug|Any CPU
		{FC89C6F9-9541-40B0-A07B-A08BD10EE20C}.Release|Any CPU.ActiveCfg = Release|Any CPU
		{FC89C6F9-9541-40B0-A07B-A08BD10EE20C}.Release|Any CPU.Build.0 = Release|Any CPU
		{7CCD8740-DE9E-4F7E-B1C7-1DD6F91EFB25}.Debug|Any CPU.ActiveCfg = Debug|Any CPU
		{7CCD8740-DE9E-4F7E-B1C7-1DD6F91EFB25}.Debug|Any CPU.Build.0 = Debug|Any CPU
		{7CCD8740-DE9E-4F7E-B1C7-1DD6F91EFB25}.Release|Any CPU.ActiveCfg = Release|Any CPU
		{7CCD8740-DE9E-4F7E-B1C7-1DD6F91EFB25}.Release|Any CPU.Build.0 = Release|Any CPU
		{A7D1AA31-E2C6-4DB6-85BF-DD55BCFB6AD8}.Debug|Any CPU.ActiveCfg = Debug|Any CPU
		{A7D1AA31-E2C6-4DB6-85BF-DD55BCFB6AD8}.Debug|Any CPU.Build.0 = Debug|Any CPU
		{A7D1AA31-E2C6-4DB6-85BF-DD55BCFB6AD8}.Release|Any CPU.ActiveCfg = Release|Any CPU
		{A7D1AA31-E2C6-4DB6-85BF-DD55BCFB6AD8}.Release|Any CPU.Build.0 = Release|Any CPU
		{D8A74E9E-F8B5-47CB-A13A-197FF1AB575C}.Debug|Any CPU.ActiveCfg = Debug|Any CPU
		{D8A74E9E-F8B5-47CB-A13A-197FF1AB575C}.Debug|Any CPU.Build.0 = Debug|Any CPU
		{D8A74E9E-F8B5-47CB-A13A-197FF1AB575C}.Release|Any CPU.ActiveCfg = Release|Any CPU
		{D8A74E9E-F8B5-47CB-A13A-197FF1AB575C}.Release|Any CPU.Build.0 = Release|Any CPU
		{A78263B8-0B91-4567-987A-718DFB9A3D7D}.Debug|Any CPU.ActiveCfg = Debug|Any CPU
		{A78263B8-0B91-4567-987A-718DFB9A3D7D}.Debug|Any CPU.Build.0 = Debug|Any CPU
		{A78263B8-0B91-4567-987A-718DFB9A3D7D}.Release|Any CPU.ActiveCfg = Release|Any CPU
		{A78263B8-0B91-4567-987A-718DFB9A3D7D}.Release|Any CPU.Build.0 = Release|Any CPU
	EndGlobalSection
	GlobalSection(SolutionProperties) = preSolution
		HideSolutionNode = FALSE
	EndGlobalSection
	GlobalSection(ExtensibilityGlobals) = postSolution
		SolutionGuid = {E59DBB97-575D-4ACA-983A-ED2321F0A935}
	EndGlobalSection
EndGlobal
